// !$*UTF8*$!
{
	archiveVersion = 1;
	classes = {
	};
	objectVersion = 56;
	objects = {

/* Begin PBXBuildFile section */
		9A05874229D51434000F3CC0 /* UsersViewControllerTests.swift in Sources */ = {isa = PBXBuildFile; fileRef = 9A05874129D51434000F3CC0 /* UsersViewControllerTests.swift */; };
		9A0DA4EA29D3C0B4000BBE8B /* AppDelegate.swift in Sources */ = {isa = PBXBuildFile; fileRef = 9A0DA4E929D3C0B4000BBE8B /* AppDelegate.swift */; };
		9A0DA4EC29D3C0B4000BBE8B /* SceneDelegate.swift in Sources */ = {isa = PBXBuildFile; fileRef = 9A0DA4EB29D3C0B4000BBE8B /* SceneDelegate.swift */; };
		9A0DA4F329D3C0B4000BBE8B /* Assets.xcassets in Resources */ = {isa = PBXBuildFile; fileRef = 9A0DA4F229D3C0B4000BBE8B /* Assets.xcassets */; };
		9A0DA4F629D3C0B4000BBE8B /* LaunchScreen.storyboard in Resources */ = {isa = PBXBuildFile; fileRef = 9A0DA4F429D3C0B4000BBE8B /* LaunchScreen.storyboard */; };
		9A0DA50D29D3C154000BBE8B /* User.swift in Sources */ = {isa = PBXBuildFile; fileRef = 9A0DA50C29D3C154000BBE8B /* User.swift */; };
		9A0DA50F29D3C24B000BBE8B /* RemoteUsersLoaderTests.swift in Sources */ = {isa = PBXBuildFile; fileRef = 9A0DA50E29D3C24B000BBE8B /* RemoteUsersLoaderTests.swift */; };
		9A0DA51229D3C687000BBE8B /* UsersLoader.swift in Sources */ = {isa = PBXBuildFile; fileRef = 9A0DA51129D3C687000BBE8B /* UsersLoader.swift */; };
		9A0DA51529D3D60A000BBE8B /* HTTPClient.swift in Sources */ = {isa = PBXBuildFile; fileRef = 9A0DA51429D3D60A000BBE8B /* HTTPClient.swift */; };
		9A0DA51729D3D627000BBE8B /* RemoteUserLoader.swift in Sources */ = {isa = PBXBuildFile; fileRef = 9A0DA51629D3D627000BBE8B /* RemoteUserLoader.swift */; };
		9A0DA51B29D3D7D8000BBE8B /* XCTestCase+MemoryLeakTracking.swift in Sources */ = {isa = PBXBuildFile; fileRef = 9A0DA51A29D3D7D8000BBE8B /* XCTestCase+MemoryLeakTracking.swift */; };
		9A0DA51F29D3D95C000BBE8B /* URLSessionHTTPClientTests.swift in Sources */ = {isa = PBXBuildFile; fileRef = 9A0DA51E29D3D95C000BBE8B /* URLSessionHTTPClientTests.swift */; };
		9A0DA52729D3E338000BBE8B /* usersAPIEndToEndTests.swift in Sources */ = {isa = PBXBuildFile; fileRef = 9A0DA52629D3E338000BBE8B /* usersAPIEndToEndTests.swift */; };
		9A0DA52E29D3E448000BBE8B /* URLSessionHTTPClient.swift in Sources */ = {isa = PBXBuildFile; fileRef = 9A0DA52D29D3E448000BBE8B /* URLSessionHTTPClient.swift */; };
		9A0DA52F29D3E4B3000BBE8B /* XCTestCase+MemoryLeakTracking.swift in Sources */ = {isa = PBXBuildFile; fileRef = 9A0DA51A29D3D7D8000BBE8B /* XCTestCase+MemoryLeakTracking.swift */; };
		9A16852729D7A89700CD496E /* PostsViewControllerTests.swift in Sources */ = {isa = PBXBuildFile; fileRef = 9A16852629D7A89700CD496E /* PostsViewControllerTests.swift */; };
		9A16852929D7A8FA00CD496E /* PostsViewController.swift in Sources */ = {isa = PBXBuildFile; fileRef = 9A16852829D7A8FA00CD496E /* PostsViewController.swift */; };
		9A16852B29D7AA6200CD496E /* PostCell.swift in Sources */ = {isa = PBXBuildFile; fileRef = 9A16852A29D7AA6200CD496E /* PostCell.swift */; };
		9A16852E29D7CC4100CD496E /* PostsViewControllerFactory.swift in Sources */ = {isa = PBXBuildFile; fileRef = 9A16852D29D7CC4100CD496E /* PostsViewControllerFactory.swift */; };
		9A16853029D7CC7400CD496E /* UserViewControllerFactory.swift in Sources */ = {isa = PBXBuildFile; fileRef = 9A16852F29D7CC7400CD496E /* UserViewControllerFactory.swift */; };
		9A16853329D7CC9E00CD496E /* MainQueueDispatchDecorator.swift in Sources */ = {isa = PBXBuildFile; fileRef = 9A16853229D7CC9E00CD496E /* MainQueueDispatchDecorator.swift */; };
		9A16853529D7CCB900CD496E /* MainQueueDispatchDecoratorPosts.swift in Sources */ = {isa = PBXBuildFile; fileRef = 9A16853429D7CCB900CD496E /* MainQueueDispatchDecoratorPosts.swift */; };
		9A5E4CEA29D6690C00C710D1 /* UserCell.swift in Sources */ = {isa = PBXBuildFile; fileRef = 9A5E4CE929D6690C00C710D1 /* UserCell.swift */; };
		9A5E4CEC29D6695E00C710D1 /* UsersViewController.swift in Sources */ = {isa = PBXBuildFile; fileRef = 9A5E4CEB29D6695E00C710D1 /* UsersViewController.swift */; };
		9A5E4CEF29D68DD200C710D1 /* RemotePostsLoaderTests.swift in Sources */ = {isa = PBXBuildFile; fileRef = 9A5E4CEE29D68DD200C710D1 /* RemotePostsLoaderTests.swift */; };
		9A5E4CF329D68E4200C710D1 /* PostsLoader.swift in Sources */ = {isa = PBXBuildFile; fileRef = 9A5E4CF229D68E4200C710D1 /* PostsLoader.swift */; };
		9A5E4CF629D68EA500C710D1 /* Post.swift in Sources */ = {isa = PBXBuildFile; fileRef = 9A5E4CF529D68EA500C710D1 /* Post.swift */; };
		9A5E4CF829D68F7900C710D1 /* RemotePostsLoader.swift in Sources */ = {isa = PBXBuildFile; fileRef = 9A5E4CF729D68F7900C710D1 /* RemotePostsLoader.swift */; };
/* End PBXBuildFile section */

/* Begin PBXContainerItemProxy section */
		9A0DA50629D3C0F3000BBE8B /* PBXContainerItemProxy */ = {
			isa = PBXContainerItemProxy;
			containerPortal = 9A0DA4DE29D3C0B4000BBE8B /* Project object */;
			proxyType = 1;
			remoteGlobalIDString = 9A0DA4E529D3C0B4000BBE8B;
			remoteInfo = usersApp;
		};
		9A0DA52829D3E338000BBE8B /* PBXContainerItemProxy */ = {
			isa = PBXContainerItemProxy;
			containerPortal = 9A0DA4DE29D3C0B4000BBE8B /* Project object */;
			proxyType = 1;
			remoteGlobalIDString = 9A0DA4E529D3C0B4000BBE8B;
			remoteInfo = usersApp;
		};
/* End PBXContainerItemProxy section */

/* Begin PBXFileReference section */
		9A05874129D51434000F3CC0 /* UsersViewControllerTests.swift */ = {isa = PBXFileReference; lastKnownFileType = sourcecode.swift; path = UsersViewControllerTests.swift; sourceTree = "<group>"; };
		9A0DA4E629D3C0B4000BBE8B /* usersApp.app */ = {isa = PBXFileReference; explicitFileType = wrapper.application; includeInIndex = 0; path = usersApp.app; sourceTree = BUILT_PRODUCTS_DIR; };
		9A0DA4E929D3C0B4000BBE8B /* AppDelegate.swift */ = {isa = PBXFileReference; lastKnownFileType = sourcecode.swift; path = AppDelegate.swift; sourceTree = "<group>"; };
		9A0DA4EB29D3C0B4000BBE8B /* SceneDelegate.swift */ = {isa = PBXFileReference; lastKnownFileType = sourcecode.swift; path = SceneDelegate.swift; sourceTree = "<group>"; };
		9A0DA4F229D3C0B4000BBE8B /* Assets.xcassets */ = {isa = PBXFileReference; lastKnownFileType = folder.assetcatalog; path = Assets.xcassets; sourceTree = "<group>"; };
		9A0DA4F529D3C0B4000BBE8B /* Base */ = {isa = PBXFileReference; lastKnownFileType = file.storyboard; name = Base; path = Base.lproj/LaunchScreen.storyboard; sourceTree = "<group>"; };
		9A0DA4F729D3C0B4000BBE8B /* Info.plist */ = {isa = PBXFileReference; lastKnownFileType = text.plist.xml; path = Info.plist; sourceTree = "<group>"; };
		9A0DA50229D3C0F3000BBE8B /* usersAppTests.xctest */ = {isa = PBXFileReference; explicitFileType = wrapper.cfbundle; includeInIndex = 0; path = usersAppTests.xctest; sourceTree = BUILT_PRODUCTS_DIR; };
		9A0DA50C29D3C154000BBE8B /* User.swift */ = {isa = PBXFileReference; lastKnownFileType = sourcecode.swift; path = User.swift; sourceTree = "<group>"; };
		9A0DA50E29D3C24B000BBE8B /* RemoteUsersLoaderTests.swift */ = {isa = PBXFileReference; lastKnownFileType = sourcecode.swift; path = RemoteUsersLoaderTests.swift; sourceTree = "<group>"; };
		9A0DA51129D3C687000BBE8B /* UsersLoader.swift */ = {isa = PBXFileReference; lastKnownFileType = sourcecode.swift; path = UsersLoader.swift; sourceTree = "<group>"; };
		9A0DA51429D3D60A000BBE8B /* HTTPClient.swift */ = {isa = PBXFileReference; lastKnownFileType = sourcecode.swift; path = HTTPClient.swift; sourceTree = "<group>"; };
		9A0DA51629D3D627000BBE8B /* RemoteUserLoader.swift */ = {isa = PBXFileReference; lastKnownFileType = sourcecode.swift; path = RemoteUserLoader.swift; sourceTree = "<group>"; };
		9A0DA51A29D3D7D8000BBE8B /* XCTestCase+MemoryLeakTracking.swift */ = {isa = PBXFileReference; lastKnownFileType = sourcecode.swift; path = "XCTestCase+MemoryLeakTracking.swift"; sourceTree = "<group>"; };
		9A0DA51E29D3D95C000BBE8B /* URLSessionHTTPClientTests.swift */ = {isa = PBXFileReference; lastKnownFileType = sourcecode.swift; path = URLSessionHTTPClientTests.swift; sourceTree = "<group>"; };
		9A0DA52429D3E338000BBE8B /* usersAppEndToEndTests.xctest */ = {isa = PBXFileReference; explicitFileType = wrapper.cfbundle; includeInIndex = 0; path = usersAppEndToEndTests.xctest; sourceTree = BUILT_PRODUCTS_DIR; };
		9A0DA52629D3E338000BBE8B /* usersAPIEndToEndTests.swift */ = {isa = PBXFileReference; lastKnownFileType = sourcecode.swift; path = usersAPIEndToEndTests.swift; sourceTree = "<group>"; };
		9A0DA52D29D3E448000BBE8B /* URLSessionHTTPClient.swift */ = {isa = PBXFileReference; lastKnownFileType = sourcecode.swift; path = URLSessionHTTPClient.swift; sourceTree = "<group>"; };
		9A16852629D7A89700CD496E /* PostsViewControllerTests.swift */ = {isa = PBXFileReference; lastKnownFileType = sourcecode.swift; path = PostsViewControllerTests.swift; sourceTree = "<group>"; };
		9A16852829D7A8FA00CD496E /* PostsViewController.swift */ = {isa = PBXFileReference; lastKnownFileType = sourcecode.swift; path = PostsViewController.swift; sourceTree = "<group>"; };
		9A16852A29D7AA6200CD496E /* PostCell.swift */ = {isa = PBXFileReference; lastKnownFileType = sourcecode.swift; path = PostCell.swift; sourceTree = "<group>"; };
		9A16852D29D7CC4100CD496E /* PostsViewControllerFactory.swift */ = {isa = PBXFileReference; lastKnownFileType = sourcecode.swift; path = PostsViewControllerFactory.swift; sourceTree = "<group>"; };
		9A16852F29D7CC7400CD496E /* UserViewControllerFactory.swift */ = {isa = PBXFileReference; lastKnownFileType = sourcecode.swift; path = UserViewControllerFactory.swift; sourceTree = "<group>"; };
		9A16853229D7CC9E00CD496E /* MainQueueDispatchDecorator.swift */ = {isa = PBXFileReference; lastKnownFileType = sourcecode.swift; path = MainQueueDispatchDecorator.swift; sourceTree = "<group>"; };
		9A16853429D7CCB900CD496E /* MainQueueDispatchDecoratorPosts.swift */ = {isa = PBXFileReference; lastKnownFileType = sourcecode.swift; path = MainQueueDispatchDecoratorPosts.swift; sourceTree = "<group>"; };
		9A5E4CE929D6690C00C710D1 /* UserCell.swift */ = {isa = PBXFileReference; lastKnownFileType = sourcecode.swift; path = UserCell.swift; sourceTree = "<group>"; };
		9A5E4CEB29D6695E00C710D1 /* UsersViewController.swift */ = {isa = PBXFileReference; lastKnownFileType = sourcecode.swift; path = UsersViewController.swift; sourceTree = "<group>"; };
		9A5E4CEE29D68DD200C710D1 /* RemotePostsLoaderTests.swift */ = {isa = PBXFileReference; lastKnownFileType = sourcecode.swift; path = RemotePostsLoaderTests.swift; sourceTree = "<group>"; };
		9A5E4CF229D68E4200C710D1 /* PostsLoader.swift */ = {isa = PBXFileReference; lastKnownFileType = sourcecode.swift; path = PostsLoader.swift; sourceTree = "<group>"; };
		9A5E4CF529D68EA500C710D1 /* Post.swift */ = {isa = PBXFileReference; lastKnownFileType = sourcecode.swift; path = Post.swift; sourceTree = "<group>"; };
		9A5E4CF729D68F7900C710D1 /* RemotePostsLoader.swift */ = {isa = PBXFileReference; lastKnownFileType = sourcecode.swift; path = RemotePostsLoader.swift; sourceTree = "<group>"; };
/* End PBXFileReference section */

/* Begin PBXFrameworksBuildPhase section */
		9A0DA4E329D3C0B4000BBE8B /* Frameworks */ = {
			isa = PBXFrameworksBuildPhase;
			buildActionMask = 2147483647;
			files = (
			);
			runOnlyForDeploymentPostprocessing = 0;
		};
		9A0DA4FF29D3C0F3000BBE8B /* Frameworks */ = {
			isa = PBXFrameworksBuildPhase;
			buildActionMask = 2147483647;
			files = (
			);
			runOnlyForDeploymentPostprocessing = 0;
		};
		9A0DA52129D3E338000BBE8B /* Frameworks */ = {
			isa = PBXFrameworksBuildPhase;
			buildActionMask = 2147483647;
			files = (
			);
			runOnlyForDeploymentPostprocessing = 0;
		};
/* End PBXFrameworksBuildPhase section */

/* Begin PBXGroup section */
		9A05874029D51420000F3CC0 /* Users UI */ = {
			isa = PBXGroup;
			children = (
				9A05874129D51434000F3CC0 /* UsersViewControllerTests.swift */,
			);
			path = "Users UI";
			sourceTree = "<group>";
		};
		9A0DA4DD29D3C0B4000BBE8B = {
			isa = PBXGroup;
			children = (
				9A0DA4E829D3C0B4000BBE8B /* usersApp */,
				9A0DA50329D3C0F3000BBE8B /* usersAppTests */,
				9A0DA52529D3E338000BBE8B /* usersAppEndToEndTests */,
				9A0DA4E729D3C0B4000BBE8B /* Products */,
			);
			sourceTree = "<group>";
		};
		9A0DA4E729D3C0B4000BBE8B /* Products */ = {
			isa = PBXGroup;
			children = (
				9A0DA4E629D3C0B4000BBE8B /* usersApp.app */,
				9A0DA50229D3C0F3000BBE8B /* usersAppTests.xctest */,
				9A0DA52429D3E338000BBE8B /* usersAppEndToEndTests.xctest */,
			);
			name = Products;
			sourceTree = "<group>";
		};
		9A0DA4E829D3C0B4000BBE8B /* usersApp */ = {
			isa = PBXGroup;
			children = (
				9A16852C29D7CC2F00CD496E /* Composition */,
				9A5E4CF029D68E1700C710D1 /* Posts Feature */,
				9A0DA51C29D3D939000BBE8B /* Common */,
				9A0DA50B29D3C139000BBE8B /* Users Feature */,
				9A0DA4E929D3C0B4000BBE8B /* AppDelegate.swift */,
				9A0DA4EB29D3C0B4000BBE8B /* SceneDelegate.swift */,
				9A0DA4F229D3C0B4000BBE8B /* Assets.xcassets */,
				9A0DA4F429D3C0B4000BBE8B /* LaunchScreen.storyboard */,
				9A0DA4F729D3C0B4000BBE8B /* Info.plist */,
			);
			path = usersApp;
			sourceTree = "<group>";
		};
		9A0DA50329D3C0F3000BBE8B /* usersAppTests */ = {
			isa = PBXGroup;
			children = (
				9A16852529D7A87100CD496E /* Posts UI */,
				9A5E4CED29D68DBF00C710D1 /* Posts API */,
				9A05874029D51420000F3CC0 /* Users UI */,
				9A0DA51D29D3D951000BBE8B /* Common */,
				9A0DA51929D3D7C3000BBE8B /* Helpers */,
				9A0DA51829D3D798000BBE8B /* Users API */,
			);
			path = usersAppTests;
			sourceTree = "<group>";
		};
		9A0DA50B29D3C139000BBE8B /* Users Feature */ = {
			isa = PBXGroup;
			children = (
				9A16852329D7A6E000CD496E /* Models */,
				9A5E4CE829D6690100C710D1 /* Users UI */,
				9A0DA51329D3D5FC000BBE8B /* Users API */,
			);
			path = "Users Feature";
			sourceTree = "<group>";
		};
		9A0DA51329D3D5FC000BBE8B /* Users API */ = {
			isa = PBXGroup;
			children = (
				9A0DA51129D3C687000BBE8B /* UsersLoader.swift */,
				9A0DA51629D3D627000BBE8B /* RemoteUserLoader.swift */,
			);
			path = "Users API";
			sourceTree = "<group>";
		};
		9A0DA51829D3D798000BBE8B /* Users API */ = {
			isa = PBXGroup;
			children = (
				9A0DA50E29D3C24B000BBE8B /* RemoteUsersLoaderTests.swift */,
			);
			path = "Users API";
			sourceTree = "<group>";
		};
		9A0DA51929D3D7C3000BBE8B /* Helpers */ = {
			isa = PBXGroup;
			children = (
				9A0DA51A29D3D7D8000BBE8B /* XCTestCase+MemoryLeakTracking.swift */,
			);
			path = Helpers;
			sourceTree = "<group>";
		};
		9A0DA51C29D3D939000BBE8B /* Common */ = {
			isa = PBXGroup;
			children = (
				9A0DA51429D3D60A000BBE8B /* HTTPClient.swift */,
				9A0DA52D29D3E448000BBE8B /* URLSessionHTTPClient.swift */,
			);
			path = Common;
			sourceTree = "<group>";
		};
		9A0DA51D29D3D951000BBE8B /* Common */ = {
			isa = PBXGroup;
			children = (
				9A0DA51E29D3D95C000BBE8B /* URLSessionHTTPClientTests.swift */,
			);
			path = Common;
			sourceTree = "<group>";
		};
		9A0DA52529D3E338000BBE8B /* usersAppEndToEndTests */ = {
			isa = PBXGroup;
			children = (
				9A0DA52629D3E338000BBE8B /* usersAPIEndToEndTests.swift */,
			);
			path = usersAppEndToEndTests;
			sourceTree = "<group>";
		};
		9A16852329D7A6E000CD496E /* Models */ = {
			isa = PBXGroup;
			children = (
				9A0DA50C29D3C154000BBE8B /* User.swift */,
			);
			path = Models;
			sourceTree = "<group>";
		};
		9A16852429D7A80E00CD496E /* Posts UI */ = {
			isa = PBXGroup;
			children = (
				9A16852829D7A8FA00CD496E /* PostsViewController.swift */,
				9A16852A29D7AA6200CD496E /* PostCell.swift */,
			);
			path = "Posts UI";
			sourceTree = "<group>";
		};
		9A16852529D7A87100CD496E /* Posts UI */ = {
			isa = PBXGroup;
			children = (
				9A16852629D7A89700CD496E /* PostsViewControllerTests.swift */,
			);
			path = "Posts UI";
			sourceTree = "<group>";
		};
		9A16852C29D7CC2F00CD496E /* Composition */ = {
			isa = PBXGroup;
			children = (
				9A16853629D7CCD900CD496E /* Factories */,
				9A16853129D7CC8C00CD496E /* Decorators */,
			);
			path = Composition;
			sourceTree = "<group>";
		};
		9A16853129D7CC8C00CD496E /* Decorators */ = {
			isa = PBXGroup;
			children = (
				9A16853229D7CC9E00CD496E /* MainQueueDispatchDecorator.swift */,
				9A16853429D7CCB900CD496E /* MainQueueDispatchDecoratorPosts.swift */,
			);
			path = Decorators;
			sourceTree = "<group>";
		};
		9A16853629D7CCD900CD496E /* Factories */ = {
			isa = PBXGroup;
			children = (
				9A16852F29D7CC7400CD496E /* UserViewControllerFactory.swift */,
				9A16852D29D7CC4100CD496E /* PostsViewControllerFactory.swift */,
			);
			path = Factories;
			sourceTree = "<group>";
		};
		9A5E4CE829D6690100C710D1 /* Users UI */ = {
			isa = PBXGroup;
			children = (
				9A5E4CE929D6690C00C710D1 /* UserCell.swift */,
				9A5E4CEB29D6695E00C710D1 /* UsersViewController.swift */,
			);
			path = "Users UI";
			sourceTree = "<group>";
		};
		9A5E4CED29D68DBF00C710D1 /* Posts API */ = {
			isa = PBXGroup;
			children = (
				9A5E4CEE29D68DD200C710D1 /* RemotePostsLoaderTests.swift */,
			);
			path = "Posts API";
			sourceTree = "<group>";
		};
		9A5E4CF029D68E1700C710D1 /* Posts Feature */ = {
			isa = PBXGroup;
			children = (
				9A16852429D7A80E00CD496E /* Posts UI */,
				9A5E4CF429D68E9C00C710D1 /* Models */,
				9A5E4CF129D68E3600C710D1 /* Posts API */,
			);
			path = "Posts Feature";
			sourceTree = "<group>";
		};
		9A5E4CF129D68E3600C710D1 /* Posts API */ = {
			isa = PBXGroup;
			children = (
				9A5E4CF229D68E4200C710D1 /* PostsLoader.swift */,
				9A5E4CF729D68F7900C710D1 /* RemotePostsLoader.swift */,
			);
			path = "Posts API";
			sourceTree = "<group>";
		};
		9A5E4CF429D68E9C00C710D1 /* Models */ = {
			isa = PBXGroup;
			children = (
				9A5E4CF529D68EA500C710D1 /* Post.swift */,
			);
			path = Models;
			sourceTree = "<group>";
		};
/* End PBXGroup section */

/* Begin PBXNativeTarget section */
		9A0DA4E529D3C0B4000BBE8B /* usersApp */ = {
			isa = PBXNativeTarget;
			buildConfigurationList = 9A0DA4FA29D3C0B4000BBE8B /* Build configuration list for PBXNativeTarget "usersApp" */;
			buildPhases = (
				9A0DA4E229D3C0B4000BBE8B /* Sources */,
				9A0DA4E329D3C0B4000BBE8B /* Frameworks */,
				9A0DA4E429D3C0B4000BBE8B /* Resources */,
			);
			buildRules = (
			);
			dependencies = (
			);
			name = usersApp;
			productName = usersApp;
			productReference = 9A0DA4E629D3C0B4000BBE8B /* usersApp.app */;
			productType = "com.apple.product-type.application";
		};
		9A0DA50129D3C0F3000BBE8B /* usersAppTests */ = {
			isa = PBXNativeTarget;
			buildConfigurationList = 9A0DA50829D3C0F3000BBE8B /* Build configuration list for PBXNativeTarget "usersAppTests" */;
			buildPhases = (
				9A0DA4FE29D3C0F3000BBE8B /* Sources */,
				9A0DA4FF29D3C0F3000BBE8B /* Frameworks */,
				9A0DA50029D3C0F3000BBE8B /* Resources */,
			);
			buildRules = (
			);
			dependencies = (
				9A0DA50729D3C0F3000BBE8B /* PBXTargetDependency */,
			);
			name = usersAppTests;
			productName = usersAppTests;
			productReference = 9A0DA50229D3C0F3000BBE8B /* usersAppTests.xctest */;
			productType = "com.apple.product-type.bundle.unit-test";
		};
		9A0DA52329D3E338000BBE8B /* usersAppEndToEndTests */ = {
			isa = PBXNativeTarget;
			buildConfigurationList = 9A0DA52A29D3E338000BBE8B /* Build configuration list for PBXNativeTarget "usersAppEndToEndTests" */;
			buildPhases = (
				9A0DA52029D3E338000BBE8B /* Sources */,
				9A0DA52129D3E338000BBE8B /* Frameworks */,
				9A0DA52229D3E338000BBE8B /* Resources */,
			);
			buildRules = (
			);
			dependencies = (
				9A0DA52929D3E338000BBE8B /* PBXTargetDependency */,
			);
			name = usersAppEndToEndTests;
			productName = usersAppEndToEndTests;
			productReference = 9A0DA52429D3E338000BBE8B /* usersAppEndToEndTests.xctest */;
			productType = "com.apple.product-type.bundle.unit-test";
		};
/* End PBXNativeTarget section */

/* Begin PBXProject section */
		9A0DA4DE29D3C0B4000BBE8B /* Project object */ = {
			isa = PBXProject;
			attributes = {
				BuildIndependentTargetsInParallel = 1;
				LastSwiftUpdateCheck = 1420;
				LastUpgradeCheck = 1420;
				TargetAttributes = {
					9A0DA4E529D3C0B4000BBE8B = {
						CreatedOnToolsVersion = 14.2;
					};
					9A0DA50129D3C0F3000BBE8B = {
						CreatedOnToolsVersion = 14.2;
						LastSwiftMigration = 1420;
						TestTargetID = 9A0DA4E529D3C0B4000BBE8B;
					};
					9A0DA52329D3E338000BBE8B = {
						CreatedOnToolsVersion = 14.2;
						TestTargetID = 9A0DA4E529D3C0B4000BBE8B;
					};
				};
			};
			buildConfigurationList = 9A0DA4E129D3C0B4000BBE8B /* Build configuration list for PBXProject "usersApp" */;
			compatibilityVersion = "Xcode 14.0";
			developmentRegion = en;
			hasScannedForEncodings = 0;
			knownRegions = (
				en,
				Base,
			);
			mainGroup = 9A0DA4DD29D3C0B4000BBE8B;
			productRefGroup = 9A0DA4E729D3C0B4000BBE8B /* Products */;
			projectDirPath = "";
			projectRoot = "";
			targets = (
				9A0DA4E529D3C0B4000BBE8B /* usersApp */,
				9A0DA50129D3C0F3000BBE8B /* usersAppTests */,
				9A0DA52329D3E338000BBE8B /* usersAppEndToEndTests */,
			);
		};
/* End PBXProject section */

/* Begin PBXResourcesBuildPhase section */
		9A0DA4E429D3C0B4000BBE8B /* Resources */ = {
			isa = PBXResourcesBuildPhase;
			buildActionMask = 2147483647;
			files = (
				9A0DA4F629D3C0B4000BBE8B /* LaunchScreen.storyboard in Resources */,
				9A0DA4F329D3C0B4000BBE8B /* Assets.xcassets in Resources */,
			);
			runOnlyForDeploymentPostprocessing = 0;
		};
		9A0DA50029D3C0F3000BBE8B /* Resources */ = {
			isa = PBXResourcesBuildPhase;
			buildActionMask = 2147483647;
			files = (
			);
			runOnlyForDeploymentPostprocessing = 0;
		};
		9A0DA52229D3E338000BBE8B /* Resources */ = {
			isa = PBXResourcesBuildPhase;
			buildActionMask = 2147483647;
			files = (
			);
			runOnlyForDeploymentPostprocessing = 0;
		};
/* End PBXResourcesBuildPhase section */

/* Begin PBXSourcesBuildPhase section */
		9A0DA4E229D3C0B4000BBE8B /* Sources */ = {
			isa = PBXSourcesBuildPhase;
			buildActionMask = 2147483647;
			files = (
				9A16853029D7CC7400CD496E /* UserViewControllerFactory.swift in Sources */,
				9A0DA51229D3C687000BBE8B /* UsersLoader.swift in Sources */,
				9A5E4CF629D68EA500C710D1 /* Post.swift in Sources */,
				9A0DA50D29D3C154000BBE8B /* User.swift in Sources */,
				9A0DA51729D3D627000BBE8B /* RemoteUserLoader.swift in Sources */,
				9A16853329D7CC9E00CD496E /* MainQueueDispatchDecorator.swift in Sources */,
				9A0DA52E29D3E448000BBE8B /* URLSessionHTTPClient.swift in Sources */,
				9A16852E29D7CC4100CD496E /* PostsViewControllerFactory.swift in Sources */,
				9A5E4CF329D68E4200C710D1 /* PostsLoader.swift in Sources */,
				9A5E4CF829D68F7900C710D1 /* RemotePostsLoader.swift in Sources */,
				9A16853529D7CCB900CD496E /* MainQueueDispatchDecoratorPosts.swift in Sources */,
				9A16852B29D7AA6200CD496E /* PostCell.swift in Sources */,
				9A16852929D7A8FA00CD496E /* PostsViewController.swift in Sources */,
				9A0DA51529D3D60A000BBE8B /* HTTPClient.swift in Sources */,
				9A5E4CEA29D6690C00C710D1 /* UserCell.swift in Sources */,
				9A5E4CEC29D6695E00C710D1 /* UsersViewController.swift in Sources */,
				9A0DA4EA29D3C0B4000BBE8B /* AppDelegate.swift in Sources */,
				9A0DA4EC29D3C0B4000BBE8B /* SceneDelegate.swift in Sources */,
			);
			runOnlyForDeploymentPostprocessing = 0;
		};
		9A0DA4FE29D3C0F3000BBE8B /* Sources */ = {
			isa = PBXSourcesBuildPhase;
			buildActionMask = 2147483647;
			files = (
				9A0DA50F29D3C24B000BBE8B /* RemoteUsersLoaderTests.swift in Sources */,
				9A05874229D51434000F3CC0 /* UsersViewControllerTests.swift in Sources */,
				9A16852729D7A89700CD496E /* PostsViewControllerTests.swift in Sources */,
				9A0DA51F29D3D95C000BBE8B /* URLSessionHTTPClientTests.swift in Sources */,
				9A5E4CEF29D68DD200C710D1 /* RemotePostsLoaderTests.swift in Sources */,
				9A0DA51B29D3D7D8000BBE8B /* XCTestCase+MemoryLeakTracking.swift in Sources */,
			);
			runOnlyForDeploymentPostprocessing = 0;
		};
		9A0DA52029D3E338000BBE8B /* Sources */ = {
			isa = PBXSourcesBuildPhase;
			buildActionMask = 2147483647;
			files = (
				9A0DA52729D3E338000BBE8B /* usersAPIEndToEndTests.swift in Sources */,
				9A0DA52F29D3E4B3000BBE8B /* XCTestCase+MemoryLeakTracking.swift in Sources */,
			);
			runOnlyForDeploymentPostprocessing = 0;
		};
/* End PBXSourcesBuildPhase section */

/* Begin PBXTargetDependency section */
		9A0DA50729D3C0F3000BBE8B /* PBXTargetDependency */ = {
			isa = PBXTargetDependency;
			target = 9A0DA4E529D3C0B4000BBE8B /* usersApp */;
			targetProxy = 9A0DA50629D3C0F3000BBE8B /* PBXContainerItemProxy */;
		};
		9A0DA52929D3E338000BBE8B /* PBXTargetDependency */ = {
			isa = PBXTargetDependency;
			target = 9A0DA4E529D3C0B4000BBE8B /* usersApp */;
			targetProxy = 9A0DA52829D3E338000BBE8B /* PBXContainerItemProxy */;
		};
/* End PBXTargetDependency section */

/* Begin PBXVariantGroup section */
		9A0DA4F429D3C0B4000BBE8B /* LaunchScreen.storyboard */ = {
			isa = PBXVariantGroup;
			children = (
				9A0DA4F529D3C0B4000BBE8B /* Base */,
			);
			name = LaunchScreen.storyboard;
			sourceTree = "<group>";
		};
/* End PBXVariantGroup section */

/* Begin XCBuildConfiguration section */
		9A0DA4F829D3C0B4000BBE8B /* Debug */ = {
			isa = XCBuildConfiguration;
			buildSettings = {
				ALWAYS_SEARCH_USER_PATHS = NO;
				CLANG_ANALYZER_NONNULL = YES;
				CLANG_ANALYZER_NUMBER_OBJECT_CONVERSION = YES_AGGRESSIVE;
				CLANG_CXX_LANGUAGE_STANDARD = "gnu++20";
				CLANG_ENABLE_MODULES = YES;
				CLANG_ENABLE_OBJC_ARC = YES;
				CLANG_ENABLE_OBJC_WEAK = YES;
				CLANG_WARN_BLOCK_CAPTURE_AUTORELEASING = YES;
				CLANG_WARN_BOOL_CONVERSION = YES;
				CLANG_WARN_COMMA = YES;
				CLANG_WARN_CONSTANT_CONVERSION = YES;
				CLANG_WARN_DEPRECATED_OBJC_IMPLEMENTATIONS = YES;
				CLANG_WARN_DIRECT_OBJC_ISA_USAGE = YES_ERROR;
				CLANG_WARN_DOCUMENTATION_COMMENTS = YES;
				CLANG_WARN_EMPTY_BODY = YES;
				CLANG_WARN_ENUM_CONVERSION = YES;
				CLANG_WARN_INFINITE_RECURSION = YES;
				CLANG_WARN_INT_CONVERSION = YES;
				CLANG_WARN_NON_LITERAL_NULL_CONVERSION = YES;
				CLANG_WARN_OBJC_IMPLICIT_RETAIN_SELF = YES;
				CLANG_WARN_OBJC_LITERAL_CONVERSION = YES;
				CLANG_WARN_OBJC_ROOT_CLASS = YES_ERROR;
				CLANG_WARN_QUOTED_INCLUDE_IN_FRAMEWORK_HEADER = YES;
				CLANG_WARN_RANGE_LOOP_ANALYSIS = YES;
				CLANG_WARN_STRICT_PROTOTYPES = YES;
				CLANG_WARN_SUSPICIOUS_MOVE = YES;
				CLANG_WARN_UNGUARDED_AVAILABILITY = YES_AGGRESSIVE;
				CLANG_WARN_UNREACHABLE_CODE = YES;
				CLANG_WARN__DUPLICATE_METHOD_MATCH = YES;
				COPY_PHASE_STRIP = NO;
				DEBUG_INFORMATION_FORMAT = dwarf;
				ENABLE_STRICT_OBJC_MSGSEND = YES;
				ENABLE_TESTABILITY = YES;
				GCC_C_LANGUAGE_STANDARD = gnu11;
				GCC_DYNAMIC_NO_PIC = NO;
				GCC_NO_COMMON_BLOCKS = YES;
				GCC_OPTIMIZATION_LEVEL = 0;
				GCC_PREPROCESSOR_DEFINITIONS = (
					"DEBUG=1",
					"$(inherited)",
				);
				GCC_WARN_64_TO_32_BIT_CONVERSION = YES;
				GCC_WARN_ABOUT_RETURN_TYPE = YES_ERROR;
				GCC_WARN_UNDECLARED_SELECTOR = YES;
				GCC_WARN_UNINITIALIZED_AUTOS = YES_AGGRESSIVE;
				GCC_WARN_UNUSED_FUNCTION = YES;
				GCC_WARN_UNUSED_VARIABLE = YES;
				IPHONEOS_DEPLOYMENT_TARGET = 16.2;
				MTL_ENABLE_DEBUG_INFO = INCLUDE_SOURCE;
				MTL_FAST_MATH = YES;
				ONLY_ACTIVE_ARCH = YES;
				SDKROOT = iphoneos;
				SWIFT_ACTIVE_COMPILATION_CONDITIONS = DEBUG;
				SWIFT_OPTIMIZATION_LEVEL = "-Onone";
			};
			name = Debug;
		};
		9A0DA4F929D3C0B4000BBE8B /* Release */ = {
			isa = XCBuildConfiguration;
			buildSettings = {
				ALWAYS_SEARCH_USER_PATHS = NO;
				CLANG_ANALYZER_NONNULL = YES;
				CLANG_ANALYZER_NUMBER_OBJECT_CONVERSION = YES_AGGRESSIVE;
				CLANG_CXX_LANGUAGE_STANDARD = "gnu++20";
				CLANG_ENABLE_MODULES = YES;
				CLANG_ENABLE_OBJC_ARC = YES;
				CLANG_ENABLE_OBJC_WEAK = YES;
				CLANG_WARN_BLOCK_CAPTURE_AUTORELEASING = YES;
				CLANG_WARN_BOOL_CONVERSION = YES;
				CLANG_WARN_COMMA = YES;
				CLANG_WARN_CONSTANT_CONVERSION = YES;
				CLANG_WARN_DEPRECATED_OBJC_IMPLEMENTATIONS = YES;
				CLANG_WARN_DIRECT_OBJC_ISA_USAGE = YES_ERROR;
				CLANG_WARN_DOCUMENTATION_COMMENTS = YES;
				CLANG_WARN_EMPTY_BODY = YES;
				CLANG_WARN_ENUM_CONVERSION = YES;
				CLANG_WARN_INFINITE_RECURSION = YES;
				CLANG_WARN_INT_CONVERSION = YES;
				CLANG_WARN_NON_LITERAL_NULL_CONVERSION = YES;
				CLANG_WARN_OBJC_IMPLICIT_RETAIN_SELF = YES;
				CLANG_WARN_OBJC_LITERAL_CONVERSION = YES;
				CLANG_WARN_OBJC_ROOT_CLASS = YES_ERROR;
				CLANG_WARN_QUOTED_INCLUDE_IN_FRAMEWORK_HEADER = YES;
				CLANG_WARN_RANGE_LOOP_ANALYSIS = YES;
				CLANG_WARN_STRICT_PROTOTYPES = YES;
				CLANG_WARN_SUSPICIOUS_MOVE = YES;
				CLANG_WARN_UNGUARDED_AVAILABILITY = YES_AGGRESSIVE;
				CLANG_WARN_UNREACHABLE_CODE = YES;
				CLANG_WARN__DUPLICATE_METHOD_MATCH = YES;
				COPY_PHASE_STRIP = NO;
				DEBUG_INFORMATION_FORMAT = "dwarf-with-dsym";
				ENABLE_NS_ASSERTIONS = NO;
				ENABLE_STRICT_OBJC_MSGSEND = YES;
				GCC_C_LANGUAGE_STANDARD = gnu11;
				GCC_NO_COMMON_BLOCKS = YES;
				GCC_WARN_64_TO_32_BIT_CONVERSION = YES;
				GCC_WARN_ABOUT_RETURN_TYPE = YES_ERROR;
				GCC_WARN_UNDECLARED_SELECTOR = YES;
				GCC_WARN_UNINITIALIZED_AUTOS = YES_AGGRESSIVE;
				GCC_WARN_UNUSED_FUNCTION = YES;
				GCC_WARN_UNUSED_VARIABLE = YES;
				IPHONEOS_DEPLOYMENT_TARGET = 16.2;
				MTL_ENABLE_DEBUG_INFO = NO;
				MTL_FAST_MATH = YES;
				SDKROOT = iphoneos;
				SWIFT_COMPILATION_MODE = wholemodule;
				SWIFT_OPTIMIZATION_LEVEL = "-O";
				VALIDATE_PRODUCT = YES;
			};
			name = Release;
		};
		9A0DA4FB29D3C0B4000BBE8B /* Debug */ = {
			isa = XCBuildConfiguration;
			buildSettings = {
				ASSETCATALOG_COMPILER_APPICON_NAME = AppIcon;
				ASSETCATALOG_COMPILER_GLOBAL_ACCENT_COLOR_NAME = AccentColor;
				CODE_SIGN_STYLE = Automatic;
				CURRENT_PROJECT_VERSION = 1;
				DEVELOPMENT_TEAM = 9A3DJ4G5VB;
				GENERATE_INFOPLIST_FILE = YES;
				INFOPLIST_FILE = usersApp/Info.plist;
				INFOPLIST_KEY_UIApplicationSupportsIndirectInputEvents = YES;
				INFOPLIST_KEY_UILaunchStoryboardName = LaunchScreen;
				INFOPLIST_KEY_UIRequiresFullScreen = NO;
				INFOPLIST_KEY_UISupportedInterfaceOrientations = UIInterfaceOrientationPortrait;
				LD_RUNPATH_SEARCH_PATHS = (
					"$(inherited)",
					"@executable_path/Frameworks",
				);
				MARKETING_VERSION = 1.0;
				PRODUCT_BUNDLE_IDENTIFIER = com.baldtech.usersApp;
				PRODUCT_NAME = "$(TARGET_NAME)";
				SWIFT_EMIT_LOC_STRINGS = YES;
				SWIFT_VERSION = 5.0;
				TARGETED_DEVICE_FAMILY = "1,2";
			};
			name = Debug;
		};
		9A0DA4FC29D3C0B4000BBE8B /* Release */ = {
			isa = XCBuildConfiguration;
			buildSettings = {
				ASSETCATALOG_COMPILER_APPICON_NAME = AppIcon;
				ASSETCATALOG_COMPILER_GLOBAL_ACCENT_COLOR_NAME = AccentColor;
				CODE_SIGN_STYLE = Automatic;
				CURRENT_PROJECT_VERSION = 1;
				DEVELOPMENT_TEAM = 9A3DJ4G5VB;
				GENERATE_INFOPLIST_FILE = YES;
				INFOPLIST_FILE = usersApp/Info.plist;
				INFOPLIST_KEY_UIApplicationSupportsIndirectInputEvents = YES;
				INFOPLIST_KEY_UILaunchStoryboardName = LaunchScreen;
				INFOPLIST_KEY_UIRequiresFullScreen = NO;
				INFOPLIST_KEY_UISupportedInterfaceOrientations = UIInterfaceOrientationPortrait;
				LD_RUNPATH_SEARCH_PATHS = (
					"$(inherited)",
					"@executable_path/Frameworks",
				);
				MARKETING_VERSION = 1.0;
				PRODUCT_BUNDLE_IDENTIFIER = com.baldtech.usersApp;
				PRODUCT_NAME = "$(TARGET_NAME)";
				SWIFT_EMIT_LOC_STRINGS = YES;
				SWIFT_VERSION = 5.0;
				TARGETED_DEVICE_FAMILY = "1,2";
			};
			name = Release;
		};
		9A0DA50929D3C0F3000BBE8B /* Debug */ = {
			isa = XCBuildConfiguration;
			buildSettings = {
				BUNDLE_LOADER = "$(TEST_HOST)";
				CLANG_ENABLE_MODULES = YES;
				CODE_SIGN_STYLE = Automatic;
				CURRENT_PROJECT_VERSION = 1;
				DEVELOPMENT_TEAM = 9A3DJ4G5VB;
				GENERATE_INFOPLIST_FILE = YES;
				LD_RUNPATH_SEARCH_PATHS = (
					"$(inherited)",
					"@executable_path/Frameworks",
					"@loader_path/Frameworks",
				);
				MARKETING_VERSION = 1.0;
				PRODUCT_BUNDLE_IDENTIFIER = com.baldtech.usersAppTests;
				PRODUCT_NAME = "$(TARGET_NAME)";
				SWIFT_EMIT_LOC_STRINGS = NO;
				SWIFT_OPTIMIZATION_LEVEL = "-Onone";
				SWIFT_VERSION = 5.0;
				TARGETED_DEVICE_FAMILY = "1,2";
				TEST_HOST = "$(BUILT_PRODUCTS_DIR)/usersApp.app/$(BUNDLE_EXECUTABLE_FOLDER_PATH)/usersApp";
			};
			name = Debug;
		};
		9A0DA50A29D3C0F3000BBE8B /* Release */ = {
			isa = XCBuildConfiguration;
			buildSettings = {
				BUNDLE_LOADER = "$(TEST_HOST)";
				CLANG_ENABLE_MODULES = YES;
				CODE_SIGN_STYLE = Automatic;
				CURRENT_PROJECT_VERSION = 1;
				DEVELOPMENT_TEAM = 9A3DJ4G5VB;
				GENERATE_INFOPLIST_FILE = YES;
				LD_RUNPATH_SEARCH_PATHS = (
					"$(inherited)",
					"@executable_path/Frameworks",
					"@loader_path/Frameworks",
				);
				MARKETING_VERSION = 1.0;
				PRODUCT_BUNDLE_IDENTIFIER = com.baldtech.usersAppTests;
				PRODUCT_NAME = "$(TARGET_NAME)";
				SWIFT_EMIT_LOC_STRINGS = NO;
				SWIFT_VERSION = 5.0;
				TARGETED_DEVICE_FAMILY = "1,2";
				TEST_HOST = "$(BUILT_PRODUCTS_DIR)/usersApp.app/$(BUNDLE_EXECUTABLE_FOLDER_PATH)/usersApp";
			};
			name = Release;
		};
		9A0DA52B29D3E338000BBE8B /* Debug */ = {
			isa = XCBuildConfiguration;
			buildSettings = {
				BUNDLE_LOADER = "$(TEST_HOST)";
				CODE_SIGN_STYLE = Automatic;
				CURRENT_PROJECT_VERSION = 1;
				DEVELOPMENT_TEAM = 9A3DJ4G5VB;
				GENERATE_INFOPLIST_FILE = YES;
				MARKETING_VERSION = 1.0;
				PRODUCT_BUNDLE_IDENTIFIER = com.baldtech.usersAppEndToEndTests;
				PRODUCT_NAME = "$(TARGET_NAME)";
				SWIFT_EMIT_LOC_STRINGS = NO;
				SWIFT_VERSION = 5.0;
				TARGETED_DEVICE_FAMILY = "1,2";
				TEST_HOST = "$(BUILT_PRODUCTS_DIR)/usersApp.app/$(BUNDLE_EXECUTABLE_FOLDER_PATH)/usersApp";
			};
			name = Debug;
		};
		9A0DA52C29D3E338000BBE8B /* Release */ = {
			isa = XCBuildConfiguration;
			buildSettings = {
				BUNDLE_LOADER = "$(TEST_HOST)";
				CODE_SIGN_STYLE = Automatic;
				CURRENT_PROJECT_VERSION = 1;
				DEVELOPMENT_TEAM = 9A3DJ4G5VB;
				GENERATE_INFOPLIST_FILE = YES;
				MARKETING_VERSION = 1.0;
				PRODUCT_BUNDLE_IDENTIFIER = com.baldtech.usersAppEndToEndTests;
				PRODUCT_NAME = "$(TARGET_NAME)";
				SWIFT_EMIT_LOC_STRINGS = NO;
				SWIFT_VERSION = 5.0;
				TARGETED_DEVICE_FAMILY = "1,2";
				TEST_HOST = "$(BUILT_PRODUCTS_DIR)/usersApp.app/$(BUNDLE_EXECUTABLE_FOLDER_PATH)/usersApp";
			};
			name = Release;
		};
/* End XCBuildConfiguration section */

/* Begin XCConfigurationList section */
		9A0DA4E129D3C0B4000BBE8B /* Build configuration list for PBXProject "usersApp" */ = {
			isa = XCConfigurationList;
			buildConfigurations = (
				9A0DA4F829D3C0B4000BBE8B /* Debug */,
				9A0DA4F929D3C0B4000BBE8B /* Release */,
			);
			defaultConfigurationIsVisible = 0;
			defaultConfigurationName = Release;
		};
		9A0DA4FA29D3C0B4000BBE8B /* Build configuration list for PBXNativeTarget "usersApp" */ = {
			isa = XCConfigurationList;
			buildConfigurations = (
				9A0DA4FB29D3C0B4000BBE8B /* Debug */,
				9A0DA4FC29D3C0B4000BBE8B /* Release */,
			);
			defaultConfigurationIsVisible = 0;
			defaultConfigurationName = Release;
		};
		9A0DA50829D3C0F3000BBE8B /* Build configuration list for PBXNativeTarget "usersAppTests" */ = {
			isa = XCConfigurationList;
			buildConfigurations = (
				9A0DA50929D3C0F3000BBE8B /* Debug */,
				9A0DA50A29D3C0F3000BBE8B /* Release */,
			);
			defaultConfigurationIsVisible = 0;
			defaultConfigurationName = Release;
		};
		9A0DA52A29D3E338000BBE8B /* Build configuration list for PBXNativeTarget "usersAppEndToEndTests" */ = {
			isa = XCConfigurationList;
			buildConfigurations = (
				9A0DA52B29D3E338000BBE8B /* Debug */,
				9A0DA52C29D3E338000BBE8B /* Release */,
			);
			defaultConfigurationIsVisible = 0;
			defaultConfigurationName = Release;
		};
/* End XCConfigurationList section */
	};
	rootObject = 9A0DA4DE29D3C0B4000BBE8B /* Project object */;
}
